
Microsoft Visual Studio Solution File, Format Version 12.00
# Visual Studio Version 16
VisualStudioVersion = 16.0.30804.86
MinimumVisualStudioVersion = 10.0.40219.1
Project("{FAE04EC0-301F-11D3-BF4B-00C04F79EFBC}") = "Clicks Per Sec", "AYOOO WINDOWS APP\Clicks Per Sec.csproj", "{6E995BF7-A89B-4EC3-BFF1-67241DA25DB6}"
EndProject
Global
	GlobalSection(SolutionConfigurationPlatforms) = preSolution
		Debug|Any CPU = Debug|Any CPU
		Release|Any CPU = Release|Any CPU
	EndGlobalSection
	GlobalSection(ProjectConfigurationPlatforms) = postSolution
		{6E995BF7-A89B-4EC3-BFF1-67241DA25DB6}.Debug|Any CPU.ActiveCfg = Debug|Any CPU
		{6E995BF7-A89B-4EC3-BFF1-67241DA25DB6}.Debug|Any CPU.Build.0 = Debug|Any CPU
		{6E995BF7-A89B-4EC3-BFF1-67241DA25DB6}.Release|Any CPU.ActiveCfg = Release|Any CPU
		{6E995BF7-A89B-4EC3-BFF1-67241DA25DB6}.Release|Any CPU.Build.0 = Release|Any CPU
	EndGlobalSection
	GlobalSection(SolutionProperties) = preSolution
		HideSolutionNode = FALSE
	EndGlobalSection
	GlobalSection(ExtensibilityGlobals) = postSolution
		SolutionGuid = {5588C6ED-EC95-41BF-9246-01B0E62C7433}
	EndGlobalSection
EndGlobal
